
Microsoft Visual Studio Solution File, Format Version 12.00
# Visual Studio Version 16
VisualStudioVersion = 16.0.31205.134
MinimumVisualStudioVersion = 10.0.40219.1
Project("{FAE04EC0-301F-11D3-BF4B-00C04F79EFBC}") = "DevIO.App", "src\DevIO.App\DevIO.App.csproj", "{71E9475B-7D75-4A9E-AE31-1B41DCCC3906}"
EndProject
Project("{FAE04EC0-301F-11D3-BF4B-00C04F79EFBC}") = "DevIO.Business", "src\DevIO.Business\DevIO.Business.csproj", "{AC9771A5-9D59-448D-BC2C-AE23B31B5F48}"
EndProject
Project("{FAE04EC0-301F-11D3-BF4B-00C04F79EFBC}") = "DevIO.Data", "src\DevIO.Data\DevIO.Data.csproj", "{C3E7E9E6-E544-45D3-8504-344A71A172A5}"
EndProject
Global
	GlobalSection(SolutionConfigurationPlatforms) = preSolution
		Debug|Any CPU = Debug|Any CPU
		Release|Any CPU = Release|Any CPU
	EndGlobalSection
	GlobalSection(ProjectConfigurationPlatforms) = postSolution
		{71E9475B-7D75-4A9E-AE31-1B41DCCC3906}.Debug|Any CPU.ActiveCfg = Debug|Any CPU
		{71E9475B-7D75-4A9E-AE31-1B41DCCC3906}.Debug|Any CPU.Build.0 = Debug|Any CPU
		{71E9475B-7D75-4A9E-AE31-1B41DCCC3906}.Release|Any CPU.ActiveCfg = Release|Any CPU
		{71E9475B-7D75-4A9E-AE31-1B41DCCC3906}.Release|Any CPU.Build.0 = Release|Any CPU
		{AC9771A5-9D59-448D-BC2C-AE23B31B5F48}.Debug|Any CPU.ActiveCfg = Debug|Any CPU
		{AC9771A5-9D59-448D-BC2C-AE23B31B5F48}.Debug|Any CPU.Build.0 = Debug|Any CPU
		{AC9771A5-9D59-448D-BC2C-AE23B31B5F48}.Release|Any CPU.ActiveCfg = Release|Any CPU
		{AC9771A5-9D59-448D-BC2C-AE23B31B5F48}.Release|Any CPU.Build.0 = Release|Any CPU
		{C3E7E9E6-E544-45D3-8504-344A71A172A5}.Debug|Any CPU.ActiveCfg = Debug|Any CPU
		{C3E7E9E6-E544-45D3-8504-344A71A172A5}.Debug|Any CPU.Build.0 = Debug|Any CPU
		{C3E7E9E6-E544-45D3-8504-344A71A172A5}.Release|Any CPU.ActiveCfg = Release|Any CPU
		{C3E7E9E6-E544-45D3-8504-344A71A172A5}.Release|Any CPU.Build.0 = Release|Any CPU
	EndGlobalSection
	GlobalSection(SolutionProperties) = preSolution
		HideSolutionNode = FALSE
	EndGlobalSection
	GlobalSection(ExtensibilityGlobals) = postSolution
		SolutionGuid = {CAE9D39C-8849-47F5-8763-C174E507A436}
	EndGlobalSection
EndGlobal
